# This file is autogenerated, do not edit; changes may be undone by the next 'dep ensure'.


[[projects]]
  digest = "1:96b4d146a2a6601c1e2b130595406414afe2fbc91d9ee155e0837e2ab98a433f"
  name = "github.com/chaseadamsio/goorgeous"
  packages = ["."]
  pruneopts = "UT"
  revision = "e0b2cd6d4e7abdf9a33f017bcc97df2242e05572"
  version = "v2.0.0"

[[projects]]
  digest = "1:029109bbf5af9159157ba977a5c783a6725f3f01a671c2c3860ebbb0d4dae26c"
  name = "github.com/russross/blackfriday"
  packages = ["."]
  pruneopts = "UT"
  revision = "6d1ef893fcb01b4f50cb6e57ed7df3e2e627b6b2"

[[projects]]
  digest = "1:166006f557f8035424fad136d1806d5c73229e82c670500dcbfba1a1160f5ddb"
  name = "github.com/shurcooL/sanitized_anchor_name"
  packages = ["."]
  pruneopts = "UT"
  revision = "10ef21a441db47d8b13ebcc5fd2310f636973c77"

[[projects]]
  digest = "1:342378ac4dcb378a5448dd723f0784ae519383532f5e70ade24132c4c8693202"
  name = "gopkg.in/yaml.v2"
  packages = ["."]
  pruneopts = "UT"
  revision = "5420a8b6744d3b0345ab293f6fcba19c978f1183"
  version = "v2.2.1"

[solve-meta]
  analyzer-name = "dep"
  analyzer-version = 1
  input-imports = [
    "github.com/chaseadamsio/goorgeous",
    "gopkg.in/yaml.v2",
  ]
  solver-name = "gps-cdcl"
  solver-version = 1
